
Microsoft Visual Studio Solution File, Format Version 12.00
# Visual Studio Version 16
VisualStudioVersion = 16.0.29418.71
MinimumVisualStudioVersion = 10.0.40219.1
Project("{9A19103F-16F7-4668-BE54-9A1E7A4F7556}") = "BHFB.Entities", "BHFB.Entities\BHFB.Entities.csproj", "{46433F25-1ED8-4787-960D-1CE427BCDE21}"
EndProject
Global
	GlobalSection(SolutionConfigurationPlatforms) = preSolution
		Debug|Any CPU = Debug|Any CPU
		Release|Any CPU = Release|Any CPU
	EndGlobalSection
	GlobalSection(ProjectConfigurationPlatforms) = postSolution
		{46433F25-1ED8-4787-960D-1CE427BCDE21}.Debug|Any CPU.ActiveCfg = Debug|Any CPU
		{46433F25-1ED8-4787-960D-1CE427BCDE21}.Debug|Any CPU.Build.0 = Debug|Any CPU
		{46433F25-1ED8-4787-960D-1CE427BCDE21}.Release|Any CPU.ActiveCfg = Release|Any CPU
		{46433F25-1ED8-4787-960D-1CE427BCDE21}.Release|Any CPU.Build.0 = Release|Any CPU
	EndGlobalSection
	GlobalSection(SolutionProperties) = preSolution
		HideSolutionNode = FALSE
	EndGlobalSection
	GlobalSection(ExtensibilityGlobals) = postSolution
		SolutionGuid = {3F3324DA-0893-4C1D-801F-BF5979FE7D0A}
	EndGlobalSection
EndGlobal
